{
  "name": "hackaton",
  "version": "1.0.0",
  "lockfileVersion": 1,
  "requires": true,
  "dependencies": {
    "@yomguithereal/helpers": {
      "version": "1.1.1",
      "resolved": "https://registry.npmjs.org/@yomguithereal/helpers/-/helpers-1.1.1.tgz",
      "integrity": "sha512-UYvAq/XCA7xoh1juWDYsq3W0WywOB+pz8cgVnE1b45ZfdMhBvHDrgmSFG3jXeZSr2tMTYLGHFHON+ekG05Jebg=="
    },
    "balanced-match": {
      "version": "1.0.0",
      "resolved": "https://registry.npmjs.org/balanced-match/-/balanced-match-1.0.0.tgz",
      "integrity": "sha1-ibTRmasr7kneFk6gK4nORi1xt2c="
    },
    "brace-expansion": {
      "version": "1.1.11",
      "resolved": "https://registry.npmjs.org/brace-expansion/-/brace-expansion-1.1.11.tgz",
      "integrity": "sha512-iCuPHDFgrHX7H2vEI/5xpz07zSHB00TpugqhmYtVmMO6518mCuRMoOYFldEBl0g187ufozdaHgWKcYFb61qGiA==",
      "requires": {
        "balanced-match": "1.0.0",
        "concat-map": "0.0.1"
      }
    },
    "concat-map": {
      "version": "0.0.1",
      "resolved": "https://registry.npmjs.org/concat-map/-/concat-map-0.0.1.tgz",
      "integrity": "sha1-2Klr13/Wjfd5OnMDajug1UBdR3s="
    },
    "events": {
      "version": "3.2.0",
      "resolved": "https://registry.npmjs.org/events/-/events-3.2.0.tgz",
      "integrity": "sha512-/46HWwbfCX2xTawVfkKLGxMifJYQBWMwY1mjywRtb4c9x8l5NP3KoJtnIOiL1hfdRkIuYhETxQlo62IF8tcnlg=="
    },
    "frontend-dependencies": {
      "version": "1.1.8",
      "resolved": "https://registry.npmjs.org/frontend-dependencies/-/frontend-dependencies-1.1.8.tgz",
      "integrity": "sha512-SUU/0shHqmQCdMddaxmtqQqtPmOhhIQAWDPsEWl1iR8iNRKFsLcvtZavZWmnxVJHu3IDXykL0yw7q/caH97mGw==",
      "requires": {
        "shelljs": "0.7.8"
      }
    },
    "fs.realpath": {
      "version": "1.0.0",
      "resolved": "https://registry.npmjs.org/fs.realpath/-/fs.realpath-1.0.0.tgz",
      "integrity": "sha1-FQStJSMVjKpA20onh8sBQRmU6k8="
    },
    "function-bind": {
      "version": "1.1.1",
      "resolved": "https://registry.npmjs.org/function-bind/-/function-bind-1.1.1.tgz",
      "integrity": "sha512-yIovAzMX49sF8Yl58fSCWJ5svSLuaibPxXQJFLmBObTuCr0Mf1KiPopGM9NiFjiYBCbfaa2Fh6breQ6ANVTI0A=="
    },
    "glob": {
      "version": "7.1.6",
      "resolved": "https://registry.npmjs.org/glob/-/glob-7.1.6.tgz",
      "integrity": "sha512-LwaxwyZ72Lk7vZINtNNrywX0ZuLyStrdDtabefZKAY5ZGJhVtgdznluResxNmPitE0SAO+O26sWTHeKSI2wMBA==",
      "requires": {
        "fs.realpath": "1.0.0",
        "inflight": "1.0.6",
        "inherits": "2.0.4",
        "minimatch": "3.0.4",
        "once": "1.4.0",
        "path-is-absolute": "1.0.1"
      }
    },
    "graphology-indices": {
      "version": "0.8.0",
      "resolved": "https://registry.npmjs.org/graphology-indices/-/graphology-indices-0.8.0.tgz",
      "integrity": "sha512-uyoRm/zN30nddan6BuMvybeb2DS+TZN1gAF7qmAPFKLtW8EDtgwHByQt+24xlTWuibnDiPVP/UPpCMrSAWFbDQ==",
      "requires": {
        "graphology-types": "0.16.0",
        "graphology-utils": "1.8.0",
        "mnemonist": "0.35.0"
      },
      "dependencies": {
        "mnemonist": {
          "version": "0.35.0",
          "resolved": "https://registry.npmjs.org/mnemonist/-/mnemonist-0.35.0.tgz",
          "integrity": "sha512-dewrFCpMv4jfEIxZLZufkxieuib2Q7bkZviiDyQnsDzNkkk7e1YV93tdY8sgwe+XuFQ5e+CJ+kR8qQ3jbzF9KQ==",
          "requires": {
            "obliterator": "1.6.1"
          }
        }
      }
    },
    "graphology-metrics": {
      "version": "1.13.0",
      "resolved": "https://registry.npmjs.org/graphology-metrics/-/graphology-metrics-1.13.0.tgz",
      "integrity": "sha512-Vf890KvO89niJ7Nk6Nkr/geNFfDIXcdC7LFkrGUla7VIFHAko6LqbMWbAu98FizGZtIcXAV7jJ4+VG4VxHkxoQ==",
      "requires": {
        "graphology-shortest-path": "1.4.0",
        "graphology-types": "0.16.0",
        "graphology-utils": "1.8.0",
        "lodash": "4.17.20",
        "mnemonist": "0.34.0"
      }
    },
    "graphology-shortest-path": {
      "version": "1.4.0",
      "resolved": "https://registry.npmjs.org/graphology-shortest-path/-/graphology-shortest-path-1.4.0.tgz",
      "integrity": "sha512-FAPSS7tVHmhF5ah7pjDyprxjVfmAzC1Dm9YyFiCCDX3oOBIPBC166sVcgLpC+A9sfj1lIHOw+STEVZWK+ILzww==",
      "requires": {
        "@yomguithereal/helpers": "1.1.1",
        "graphology-indices": "0.8.0",
        "graphology-utils": "1.8.0",
        "mnemonist": "0.38.1"
      },
      "dependencies": {
        "mnemonist": {
          "version": "0.38.1",
          "resolved": "https://registry.npmjs.org/mnemonist/-/mnemonist-0.38.1.tgz",
          "integrity": "sha512-I674bCCj9p87Re+gv15ynDrP14XjcmLR7tBO22l3UoxQLniyIXdD9vid2sSxYkyOr0fZwJTA+dXRvrwANgdnyg==",
          "requires": {
            "obliterator": "1.6.1"
          }
        }
      }
    },
    "graphology-types": {
      "version": "0.16.0",
      "resolved": "https://registry.npmjs.org/graphology-types/-/graphology-types-0.16.0.tgz",
      "integrity": "sha512-iBGyPuMHlmHdXaB0cu/vllkPJ3myf063ZICY90zDxYQrJYZ3Dm4h2+dLM3Kof+CVJzM4HGg96ZFZ8HS6C7LgCQ=="
    },
    "graphology-utils": {
      "version": "1.8.0",
      "resolved": "https://registry.npmjs.org/graphology-utils/-/graphology-utils-1.8.0.tgz",
      "integrity": "sha512-Pa7SW30OMm8fVtyH49b3GJ/uxlMHGfXly50wIhlcc7ZoX9ahZa7sPBz+obo4WZClrRV6wh3tIu0GJoI42eao1A=="
    },
    "has": {
      "version": "1.0.3",
      "resolved": "https://registry.npmjs.org/has/-/has-1.0.3.tgz",
      "integrity": "sha512-f2dvO0VU6Oej7RkWJGrehjbzMAjFp5/VKPp5tTpWIV4JHHZK1/BxbFRtf/siA2SWTe09caDmVtYYzWEIbBS4zw==",
      "requires": {
        "function-bind": "1.1.1"
      }
    },
    "inflight": {
      "version": "1.0.6",
      "resolved": "https://registry.npmjs.org/inflight/-/inflight-1.0.6.tgz",
      "integrity": "sha1-Sb1jMdfQLQwJvJEKEHW6gWW1bfk=",
      "requires": {
        "once": "1.4.0",
        "wrappy": "1.0.2"
      }
    },
    "inherits": {
      "version": "2.0.4",
      "resolved": "https://registry.npmjs.org/inherits/-/inherits-2.0.4.tgz",
      "integrity": "sha512-k/vGaX4/Yla3WzyMCvTQOXYeIHvqOKtnqBduzTHpzpQZzAskKMhZ2K+EnBiSM9zGSoIFeMpXKxa4dYeZIQqewQ=="
    },
    "interpret": {
      "version": "1.4.0",
      "resolved": "https://registry.npmjs.org/interpret/-/interpret-1.4.0.tgz",
      "integrity": "sha512-agE4QfB2Lkp9uICn7BAqoscw4SZP9kTE2hxiFI3jBPmXJfdqiahTbUuKGsMoN2GtqL9AxhYioAcVvgsb1HvRbA=="
    },
    "is-core-module": {
      "version": "2.2.0",
      "resolved": "https://registry.npmjs.org/is-core-module/-/is-core-module-2.2.0.tgz",
      "integrity": "sha512-XRAfAdyyY5F5cOXn7hYQDqh2Xmii+DEfIcQGxK/uNwMHhIkPWO0g8msXcbzLe+MpGoR951MlqM/2iIlU4vKDdQ==",
      "requires": {
        "has": "1.0.3"
      }
    },
    "lodash": {
      "version": "4.17.20",
      "resolved": "https://registry.npmjs.org/lodash/-/lodash-4.17.20.tgz",
      "integrity": "sha512-PlhdFcillOINfeV7Ni6oF1TAEayyZBoZ8bcshTHqOYJYlrqzRK5hagpagky5o4HfCzzd1TRkXPMFq6cKk9rGmA=="
    },
    "minimatch": {
      "version": "3.0.4",
      "resolved": "https://registry.npmjs.org/minimatch/-/minimatch-3.0.4.tgz",
      "integrity": "sha512-yJHVQEhyqPLUTgt9B83PXu6W3rx4MvvHvSUvToogpwoGDOUQ+yDrR0HRot+yOCdCO7u4hX3pWft6kWBBcqh0UA==",
      "requires": {
        "brace-expansion": "1.1.11"
      }
    },
    "mnemonist": {
      "version": "0.34.0",
      "resolved": "https://registry.npmjs.org/mnemonist/-/mnemonist-0.34.0.tgz",
      "integrity": "sha512-eKQxmumFOJhd7ea/u8zVvj7gA2tD6QFkuDfUIvoT/VIq+yR1VzXpp0tM8QFgeSRig5brIN/3NUE72/wvvyc9ug==",
      "requires": {
        "obliterator": "1.6.1"
      }
    },
    "obliterator": {
      "version": "1.6.1",
      "resolved": "https://registry.npmjs.org/obliterator/-/obliterator-1.6.1.tgz",
      "integrity": "sha512-9WXswnqINnnhOG/5SLimUlzuU1hFJUc8zkwyD59Sd+dPOMf05PmnYG/d6Q7HZ+KmgkZJa1PxRso6QdM3sTNHig=="
    },
    "once": {
      "version": "1.4.0",
      "resolved": "https://registry.npmjs.org/once/-/once-1.4.0.tgz",
      "integrity": "sha1-WDsap3WWHUsROsF9nFC6753Xa9E=",
      "requires": {
        "wrappy": "1.0.2"
      }
    },
    "path-is-absolute": {
      "version": "1.0.1",
      "resolved": "https://registry.npmjs.org/path-is-absolute/-/path-is-absolute-1.0.1.tgz",
      "integrity": "sha1-F0uSaHNVNP+8es5r9TpanhtcX18="
    },
    "path-parse": {
      "version": "1.0.6",
      "resolved": "https://registry.npmjs.org/path-parse/-/path-parse-1.0.6.tgz",
      "integrity": "sha512-GSmOT2EbHrINBf9SR7CDELwlJ8AENk3Qn7OikK4nFYAu3Ote2+JYNVvkpAEQm3/TLNEJFD/xZJjzyxg3KBWOzw=="
    },
    "rechoir": {
      "version": "0.6.2",
      "resolved": "https://registry.npmjs.org/rechoir/-/rechoir-0.6.2.tgz",
      "integrity": "sha1-hSBLVNuoLVdC4oyWdW70OvUOM4Q=",
      "requires": {
        "resolve": "1.19.0"
      }
    },
    "resolve": {
      "version": "1.19.0",
      "resolved": "https://registry.npmjs.org/resolve/-/resolve-1.19.0.tgz",
      "integrity": "sha512-rArEXAgsBG4UgRGcynxWIWKFvh/XZCcS8UJdHhwy91zwAvCZIbcs+vAbflgBnNjYMs/i/i+/Ux6IZhML1yPvxg==",
      "requires": {
        "is-core-module": "2.2.0",
        "path-parse": "1.0.6"
      }
    },
    "shelljs": {
      "version": "0.7.8",
      "resolved": "https://registry.npmjs.org/shelljs/-/shelljs-0.7.8.tgz",
      "integrity": "sha1-3svPh0sNHl+3LhSxZKloMEjprLM=",
      "requires": {
        "glob": "7.1.6",
        "interpret": "1.4.0",
        "rechoir": "0.6.2"
      }
    },
    "sigma": {
      "version": "2.0.0-alpha40",
      "resolved": "https://registry.npmjs.org/sigma/-/sigma-2.0.0-alpha40.tgz",
      "integrity": "sha512-E64G8UE/jNzzdUBJln9pjKiY7ZS2eRiRqcjwPgSIGXqDK+I7r9oHaNcYkTgttH2Re5e2b4FvJvoAJ3fTEASD0w==",
      "requires": {
        "@yomguithereal/helpers": "1.1.1",
        "events": "3.2.0",
        "graphology-metrics": "1.13.0",
        "graphology-utils": "1.8.0"
      }
    },
    "typescript": {
      "version": "4.1.3",
      "resolved": "https://registry.npmjs.org/typescript/-/typescript-4.1.3.tgz",
      "integrity": "sha512-B3ZIOf1IKeH2ixgHhj6la6xdwR9QrLC5d1VKeCSY4tvkqhF2eqd9O7txNlS0PO3GrBAFIdr3L1ndNwteUbZLYg=="
    },
    "wrappy": {
      "version": "1.0.2",
      "resolved": "https://registry.npmjs.org/wrappy/-/wrappy-1.0.2.tgz",
      "integrity": "sha1-tSQ9jz7BqjXxNkYFvA0QNuMKtp8="
    }
  }
}
